
Microsoft Visual Studio Solution File, Format Version 12.00
# Visual Studio Version 17
VisualStudioVersion = 17.0.31903.59
MinimumVisualStudioVersion = 10.0.40219.1
Project("{FAE04EC0-301F-11D3-BF4B-00C04F79EFBC}") = "TradingApp.API", "TradingApp.API\TradingApp.API.csproj", "{8D37F69C-A5FD-4FF5-84A7-70CC09B3BB61}"
EndProject
Project("{FAE04EC0-301F-11D3-BF4B-00C04F79EFBC}") = "TradingApp.Worker", "TradingApp.Worker\TradingApp.Worker.csproj", "{150248CC-3A9A-43AB-8CAC-920703C08874}"
EndProject
Project("{FAE04EC0-301F-11D3-BF4B-00C04F79EFBC}") = "TradingApp.Core", "TradingApp.Core\TradingApp.Core.csproj", "{F9333320-DD71-47AA-9C4E-D423F8BF738F}"
EndProject
Global
	GlobalSection(SolutionConfigurationPlatforms) = preSolution
		Debug|Any CPU = Debug|Any CPU
		Debug|x64 = Debug|x64
		Debug|x86 = Debug|x86
		Release|Any CPU = Release|Any CPU
		Release|x64 = Release|x64
		Release|x86 = Release|x86
	EndGlobalSection
	GlobalSection(ProjectConfigurationPlatforms) = postSolution
		{8D37F69C-A5FD-4FF5-84A7-70CC09B3BB61}.Debug|Any CPU.ActiveCfg = Debug|Any CPU
		{8D37F69C-A5FD-4FF5-84A7-70CC09B3BB61}.Debug|Any CPU.Build.0 = Debug|Any CPU
		{8D37F69C-A5FD-4FF5-84A7-70CC09B3BB61}.Debug|x64.ActiveCfg = Debug|Any CPU
		{8D37F69C-A5FD-4FF5-84A7-70CC09B3BB61}.Debug|x64.Build.0 = Debug|Any CPU
		{8D37F69C-A5FD-4FF5-84A7-70CC09B3BB61}.Debug|x86.ActiveCfg = Debug|Any CPU
		{8D37F69C-A5FD-4FF5-84A7-70CC09B3BB61}.Debug|x86.Build.0 = Debug|Any CPU
		{8D37F69C-A5FD-4FF5-84A7-70CC09B3BB61}.Release|Any CPU.ActiveCfg = Release|Any CPU
		{8D37F69C-A5FD-4FF5-84A7-70CC09B3BB61}.Release|Any CPU.Build.0 = Release|Any CPU
		{8D37F69C-A5FD-4FF5-84A7-70CC09B3BB61}.Release|x64.ActiveCfg = Release|Any CPU
		{8D37F69C-A5FD-4FF5-84A7-70CC09B3BB61}.Release|x64.Build.0 = Release|Any CPU
		{8D37F69C-A5FD-4FF5-84A7-70CC09B3BB61}.Release|x86.ActiveCfg = Release|Any CPU
		{8D37F69C-A5FD-4FF5-84A7-70CC09B3BB61}.Release|x86.Build.0 = Release|Any CPU
		{150248CC-3A9A-43AB-8CAC-920703C08874}.Debug|Any CPU.ActiveCfg = Debug|Any CPU
		{150248CC-3A9A-43AB-8CAC-920703C08874}.Debug|Any CPU.Build.0 = Debug|Any CPU
		{150248CC-3A9A-43AB-8CAC-920703C08874}.Debug|x64.ActiveCfg = Debug|Any CPU
		{150248CC-3A9A-43AB-8CAC-920703C08874}.Debug|x64.Build.0 = Debug|Any CPU
		{150248CC-3A9A-43AB-8CAC-920703C08874}.Debug|x86.ActiveCfg = Debug|Any CPU
		{150248CC-3A9A-43AB-8CAC-920703C08874}.Debug|x86.Build.0 = Debug|Any CPU
		{150248CC-3A9A-43AB-8CAC-920703C08874}.Release|Any CPU.ActiveCfg = Release|Any CPU
		{150248CC-3A9A-43AB-8CAC-920703C08874}.Release|Any CPU.Build.0 = Release|Any CPU
		{150248CC-3A9A-43AB-8CAC-920703C08874}.Release|x64.ActiveCfg = Release|Any CPU
		{150248CC-3A9A-43AB-8CAC-920703C08874}.Release|x64.Build.0 = Release|Any CPU
		{150248CC-3A9A-43AB-8CAC-920703C08874}.Release|x86.ActiveCfg = Release|Any CPU
		{150248CC-3A9A-43AB-8CAC-920703C08874}.Release|x86.Build.0 = Release|Any CPU
		{F9333320-DD71-47AA-9C4E-D423F8BF738F}.Debug|Any CPU.ActiveCfg = Debug|Any CPU
		{F9333320-DD71-47AA-9C4E-D423F8BF738F}.Debug|Any CPU.Build.0 = Debug|Any CPU
		{F9333320-DD71-47AA-9C4E-D423F8BF738F}.Debug|x64.ActiveCfg = Debug|Any CPU
		{F9333320-DD71-47AA-9C4E-D423F8BF738F}.Debug|x64.Build.0 = Debug|Any CPU
		{F9333320-DD71-47AA-9C4E-D423F8BF738F}.Debug|x86.ActiveCfg = Debug|Any CPU
		{F9333320-DD71-47AA-9C4E-D423F8BF738F}.Debug|x86.Build.0 = Debug|Any CPU
		{F9333320-DD71-47AA-9C4E-D423F8BF738F}.Release|Any CPU.ActiveCfg = Release|Any CPU
		{F9333320-DD71-47AA-9C4E-D423F8BF738F}.Release|Any CPU.Build.0 = Release|Any CPU
		{F9333320-DD71-47AA-9C4E-D423F8BF738F}.Release|x64.ActiveCfg = Release|Any CPU
		{F9333320-DD71-47AA-9C4E-D423F8BF738F}.Release|x64.Build.0 = Release|Any CPU
		{F9333320-DD71-47AA-9C4E-D423F8BF738F}.Release|x86.ActiveCfg = Release|Any CPU
		{F9333320-DD71-47AA-9C4E-D423F8BF738F}.Release|x86.Build.0 = Release|Any CPU
	EndGlobalSection
	GlobalSection(SolutionProperties) = preSolution
		HideSolutionNode = FALSE
	EndGlobalSection
EndGlobal
